
Microsoft Visual Studio Solution File, Format Version 12.00
# Visual Studio 15
VisualStudioVersion = 15.0.27130.2020
MinimumVisualStudioVersion = 10.0.40219.1
Project("{FAE04EC0-301F-11D3-BF4B-00C04F79EFBC}") = "LossMaker", "LossMaker\LossMaker.csproj", "{7509AFF4-4D65-499D-A607-213C1EFF1FF2}"
EndProject
Global
	GlobalSection(SolutionConfigurationPlatforms) = preSolution
		Debug|Any CPU = Debug|Any CPU
		Release|Any CPU = Release|Any CPU
	EndGlobalSection
	GlobalSection(ProjectConfigurationPlatforms) = postSolution
		{7509AFF4-4D65-499D-A607-213C1EFF1FF2}.Debug|Any CPU.ActiveCfg = Debug|Any CPU
		{7509AFF4-4D65-499D-A607-213C1EFF1FF2}.Debug|Any CPU.Build.0 = Debug|Any CPU
		{7509AFF4-4D65-499D-A607-213C1EFF1FF2}.Release|Any CPU.ActiveCfg = Release|Any CPU
		{7509AFF4-4D65-499D-A607-213C1EFF1FF2}.Release|Any CPU.Build.0 = Release|Any CPU
	EndGlobalSection
	GlobalSection(SolutionProperties) = preSolution
		HideSolutionNode = FALSE
	EndGlobalSection
	GlobalSection(ExtensibilityGlobals) = postSolution
		SolutionGuid = {6FD72EF2-7493-499E-8207-5312E045C13A}
	EndGlobalSection
EndGlobal
